
Microsoft Visual Studio Solution File, Format Version 12.00
# Visual Studio Version 17
VisualStudioVersion = 17.13.35825.156 d17.13
MinimumVisualStudioVersion = 10.0.40219.1
Project("{FAE04EC0-301F-11D3-BF4B-00C04F79EFBC}") = "ShopDomain", "ShopDomain\ShopDomain.csproj", "{52180D5B-BEB3-41E5-B8E3-89CC89EB44A2}"
EndProject
Project("{FAE04EC0-301F-11D3-BF4B-00C04F79EFBC}") = "ShopInfrastructure", "ShopInfrastructure\ShopInfrastructure.csproj", "{24CFB689-5DA5-423E-9958-91101B71329F}"
EndProject
Global
	GlobalSection(SolutionConfigurationPlatforms) = preSolution
		Debug|Any CPU = Debug|Any CPU
		Release|Any CPU = Release|Any CPU
	EndGlobalSection
	GlobalSection(ProjectConfigurationPlatforms) = postSolution
		{52180D5B-BEB3-41E5-B8E3-89CC89EB44A2}.Debug|Any CPU.ActiveCfg = Debug|Any CPU
		{52180D5B-BEB3-41E5-B8E3-89CC89EB44A2}.Debug|Any CPU.Build.0 = Debug|Any CPU
		{52180D5B-BEB3-41E5-B8E3-89CC89EB44A2}.Release|Any CPU.ActiveCfg = Release|Any CPU
		{52180D5B-BEB3-41E5-B8E3-89CC89EB44A2}.Release|Any CPU.Build.0 = Release|Any CPU
		{24CFB689-5DA5-423E-9958-91101B71329F}.Debug|Any CPU.ActiveCfg = Debug|Any CPU
		{24CFB689-5DA5-423E-9958-91101B71329F}.Debug|Any CPU.Build.0 = Debug|Any CPU
		{24CFB689-5DA5-423E-9958-91101B71329F}.Release|Any CPU.ActiveCfg = Release|Any CPU
		{24CFB689-5DA5-423E-9958-91101B71329F}.Release|Any CPU.Build.0 = Release|Any CPU
	EndGlobalSection
	GlobalSection(SolutionProperties) = preSolution
		HideSolutionNode = FALSE
	EndGlobalSection
	GlobalSection(ExtensibilityGlobals) = postSolution
		SolutionGuid = {CA2D1A14-259D-4A6E-8FC7-B73F1CB46D95}
	EndGlobalSection
EndGlobal
